
Microsoft Visual Studio Solution File, Format Version 12.00
# Visual Studio Version 17
VisualStudioVersion = 17.10.35027.167
MinimumVisualStudioVersion = 10.0.40219.1
Project("{FAE04EC0-301F-11D3-BF4B-00C04F79EFBC}") = "CargueSQL", "CargueSQL\CargueSQL.csproj", "{AE472682-061C-47FC-B12F-06DF9FAD8C12}"
EndProject
Global
	GlobalSection(SolutionConfigurationPlatforms) = preSolution
		Debug|Any CPU = Debug|Any CPU
		Release|Any CPU = Release|Any CPU
	EndGlobalSection
	GlobalSection(ProjectConfigurationPlatforms) = postSolution
		{AE472682-061C-47FC-B12F-06DF9FAD8C12}.Debug|Any CPU.ActiveCfg = Debug|Any CPU
		{AE472682-061C-47FC-B12F-06DF9FAD8C12}.Debug|Any CPU.Build.0 = Debug|Any CPU
		{AE472682-061C-47FC-B12F-06DF9FAD8C12}.Release|Any CPU.ActiveCfg = Release|Any CPU
		{AE472682-061C-47FC-B12F-06DF9FAD8C12}.Release|Any CPU.Build.0 = Release|Any CPU
	EndGlobalSection
	GlobalSection(SolutionProperties) = preSolution
		HideSolutionNode = FALSE
	EndGlobalSection
	GlobalSection(ExtensibilityGlobals) = postSolution
		SolutionGuid = {03D2B739-D1BA-46B8-8D1A-FD22EDD537E7}
	EndGlobalSection
EndGlobal
